{
  "name": "weeg-symbol-registry",
  "version": "0.1.0",
  "lockfileVersion": 2,
  "requires": true,
  "packages": {
    "": {
      "name": "weeg-symbol-registry",
      "version": "0.1.0",
      "license": "Apache-2.0",
      "dependencies": {
        "weeg-types": "^0.3.0"
      },
      "devDependencies": {
        "typescript": "^5.0.3"
      }
    },
    "node_modules/typescript": {
      "version": "5.0.4",
      "resolved": "https://registry.npmjs.org/typescript/-/typescript-5.0.4.tgz",
      "integrity": "sha512-cW9T5W9xY37cc+jfEnaUvX91foxtHkza3Nw3wkoF4sSlKn0MONdkdEndig/qPBWXNkmplh3NzayQzCiHM4/hqw==",
      "dev": true,
      "bin": {
        "tsc": "bin/tsc",
        "tsserver": "bin/tsserver"
      },
      "engines": {
        "node": ">=12.20"
      }
    },
    "node_modules/weeg-types": {
      "version": "0.3.0",
      "resolved": "https://registry.npmjs.org/weeg-types/-/weeg-types-0.3.0.tgz",
      "integrity": "sha512-pZ9y56nyISTYiZmTZ0ySlIBt/Y0nz2X78f3XVoZ7kr9FHrPqxipaq3a0PlPmrsMQ0WV8d5Ad1Qst8qFJt6dvRw=="
    }
  },
  "dependencies": {
    "typescript": {
      "version": "5.0.4",
      "resolved": "https://registry.npmjs.org/typescript/-/typescript-5.0.4.tgz",
      "integrity": "sha512-cW9T5W9xY37cc+jfEnaUvX91foxtHkza3Nw3wkoF4sSlKn0MONdkdEndig/qPBWXNkmplh3NzayQzCiHM4/hqw==",
      "dev": true
    },
    "weeg-types": {
      "version": "0.3.0",
      "resolved": "https://registry.npmjs.org/weeg-types/-/weeg-types-0.3.0.tgz",
      "integrity": "sha512-pZ9y56nyISTYiZmTZ0ySlIBt/Y0nz2X78f3XVoZ7kr9FHrPqxipaq3a0PlPmrsMQ0WV8d5Ad1Qst8qFJt6dvRw=="
    }
  }
}
